
Microsoft Visual Studio Solution File, Format Version 12.00
# Visual Studio Version 17
VisualStudioVersion = 17.11.35312.102
MinimumVisualStudioVersion = 10.0.40219.1
Project("{FAE04EC0-301F-11D3-BF4B-00C04F79EFBC}") = "Simple_Web_Application", "Simple_Web_Application.csproj", "{30DD0DBF-D741-4C7C-8BBC-7A3DB164C9BA}"
EndProject
Global
	GlobalSection(SolutionConfigurationPlatforms) = preSolution
		Debug|Any CPU = Debug|Any CPU
		Release|Any CPU = Release|Any CPU
	EndGlobalSection
	GlobalSection(ProjectConfigurationPlatforms) = postSolution
		{30DD0DBF-D741-4C7C-8BBC-7A3DB164C9BA}.Debug|Any CPU.ActiveCfg = Debug|Any CPU
		{30DD0DBF-D741-4C7C-8BBC-7A3DB164C9BA}.Debug|Any CPU.Build.0 = Debug|Any CPU
		{30DD0DBF-D741-4C7C-8BBC-7A3DB164C9BA}.Release|Any CPU.ActiveCfg = Release|Any CPU
		{30DD0DBF-D741-4C7C-8BBC-7A3DB164C9BA}.Release|Any CPU.Build.0 = Release|Any CPU
	EndGlobalSection
	GlobalSection(SolutionProperties) = preSolution
		HideSolutionNode = FALSE
	EndGlobalSection
	GlobalSection(ExtensibilityGlobals) = postSolution
		SolutionGuid = {23F383E9-60C6-42E9-9B18-1DF9A2CE8B5C}
	EndGlobalSection
EndGlobal
